{
    "requires": true,
    "lockfileVersion": 1,
    "dependencies": {
        "@themost/angular": {
            "version": "15.1.1",
            "resolved": "https://registry.npmjs.org/@themost/angular/-/angular-15.1.1.tgz",
            "integrity": "sha512-eVdhJwysd6mcons7xBWeE7O5GaibAd8x1bqLd6GIpWb0HUw87T+Sz3/4unlRRmt6x+YRk2f7oW4ddr9/HVKfDg==",
            "requires": {
                "tslib": "^2.3.0"
            }
        },
        "@themost/client": {
            "version": "2.9.6",
            "resolved": "https://registry.npmjs.org/@themost/client/-/client-2.9.6.tgz",
            "integrity": "sha512-qdKHBdOio+YZ6OF5E2Q/0/QYd7A4r2ZxXBXBU8WbyLlGNUzjxBD0pwv4hGIHmQlSLYBxeEP2c0lLs6oRE1aaag==",
            "requires": {
                "@themost/events": "^1.1.0",
                "@themost/query": "^2.9.11",
                "@themost/xml": "^2.5.1"
            }
        },
        "@themost/events": {
            "version": "1.1.0",
            "resolved": "https://registry.npmjs.org/@themost/events/-/events-1.1.0.tgz",
            "integrity": "sha512-aMD+w9gaA1MJiQrQeP+UefWh+wBMpvvHbJ7eHZwgKmV98oI45kAq4OHBqz5xhMBTRekIk2kbZkPcYrafE0DuKw=="
        },
        "@themost/query": {
            "version": "2.10.0",
            "resolved": "https://registry.npmjs.org/@themost/query/-/query-2.10.0.tgz",
            "integrity": "sha512-JQr3S3pyN22qh7Ayjn8+jIFcxAEFNwXkY9dm9+7nrYI97WemE3yp8tR/0KWXrnc9KSxmm4TQyOHFzgCVIxA07A==",
            "requires": {
                "@themost/events": "^1.0.5",
                "async": "^3.2.3",
                "esprima": "^4.0.0",
                "lodash": "^4.17.21",
                "sprintf-js": "^1.1.2"
            }
        },
        "@themost/xml": {
            "version": "2.5.2",
            "resolved": "https://registry.npmjs.org/@themost/xml/-/xml-2.5.2.tgz",
            "integrity": "sha512-J3qXDJ/Rey5Tri8Swb4ghF7TRaoQ4NXjCsXiyf1GKNAhN4nn4XtfMwIhsrN9LI5z9TUZOut6LOK9PMWDVWRrpA=="
        },
        "async": {
            "version": "3.2.4",
            "resolved": "https://registry.npmjs.org/async/-/async-3.2.4.tgz",
            "integrity": "sha512-iAB+JbDEGXhyIUavoDl9WP/Jj106Kz9DEn1DPgYw5ruDn0e3Wgi3sKFm55sASdGBNOQB8F59d9qQ7deqrHA8wQ=="
        },
        "esprima": {
            "version": "4.0.1",
            "resolved": "https://registry.npmjs.org/esprima/-/esprima-4.0.1.tgz",
            "integrity": "sha512-eGuFFw7Upda+g4p+QHvnW0RyTX/SVeJBDM/gCtMARO0cLuT2HcEKnTPvhjV6aGeqrCB/sbNop0Kszm0jsaWU4A=="
        },
        "lodash": {
            "version": "4.17.21",
            "resolved": "https://registry.npmjs.org/lodash/-/lodash-4.17.21.tgz",
            "integrity": "sha512-v2kDEe57lecTulaDIuNTPy3Ry4gLGJ6Z1O3vE1krgXZNrsQ+LFTGHVxVjcXPs17LhbZVGedAJv8XZ1tvj5FvSg=="
        },
        "sprintf-js": {
            "version": "1.1.2",
            "resolved": "https://registry.npmjs.org/sprintf-js/-/sprintf-js-1.1.2.tgz",
            "integrity": "sha512-VE0SOVEHCk7Qc8ulkWw3ntAzXuqf7S2lvwQaDLRnUeIEaKNQJzV6BwmLKhOqT61aGhfUMrXeaBk+oDGCzvhcug=="
        },
        "tslib": {
            "version": "2.5.3",
            "resolved": "https://registry.npmjs.org/tslib/-/tslib-2.5.3.tgz",
            "integrity": "sha512-mSxlJJwl3BMEQCUNnxXBU9jP4JBktcEGhURcPR6VQVlnP0FdDEsIaz0C35dXNGLyRfrATNofF0F5p2KPxQgB+w=="
        }
    }
}
